
Microsoft Visual Studio Solution File, Format Version 12.00
# Visual Studio Version 17
VisualStudioVersion = 17.10.35027.167
MinimumVisualStudioVersion = 10.0.40219.1
Project("{9A19103F-16F7-4668-BE54-9A1E7A4F7556}") = "CampusEventMS", "CampusEventMS\CampusEventMS.csproj", "{A9486E64-51CE-4328-A69B-DCEA40A068E8}"
EndProject
Project("{9A19103F-16F7-4668-BE54-9A1E7A4F7556}") = "CampusEventMS.Data", "CampusEventMS.Data\CampusEventMS.Data.csproj", "{3C6605E1-5010-41AD-902F-048DF20099E8}"
EndProject
Project("{FAE04EC0-301F-11D3-BF4B-00C04F79EFBC}") = "CategoriesControllerTests.cs", "CategoriesControllerTests.cs\CategoriesControllerTests.cs.csproj", "{A2FB6200-B080-4D7B-8AAB-83620674E626}"
EndProject
Global
	GlobalSection(SolutionConfigurationPlatforms) = preSolution
		Debug|Any CPU = Debug|Any CPU
		Release|Any CPU = Release|Any CPU
	EndGlobalSection
	GlobalSection(ProjectConfigurationPlatforms) = postSolution
		{A9486E64-51CE-4328-A69B-DCEA40A068E8}.Debug|Any CPU.ActiveCfg = Debug|Any CPU
		{A9486E64-51CE-4328-A69B-DCEA40A068E8}.Debug|Any CPU.Build.0 = Debug|Any CPU
		{A9486E64-51CE-4328-A69B-DCEA40A068E8}.Release|Any CPU.ActiveCfg = Release|Any CPU
		{A9486E64-51CE-4328-A69B-DCEA40A068E8}.Release|Any CPU.Build.0 = Release|Any CPU
		{3C6605E1-5010-41AD-902F-048DF20099E8}.Debug|Any CPU.ActiveCfg = Debug|Any CPU
		{3C6605E1-5010-41AD-902F-048DF20099E8}.Debug|Any CPU.Build.0 = Debug|Any CPU
		{3C6605E1-5010-41AD-902F-048DF20099E8}.Release|Any CPU.ActiveCfg = Release|Any CPU
		{3C6605E1-5010-41AD-902F-048DF20099E8}.Release|Any CPU.Build.0 = Release|Any CPU
		{A2FB6200-B080-4D7B-8AAB-83620674E626}.Debug|Any CPU.ActiveCfg = Debug|Any CPU
		{A2FB6200-B080-4D7B-8AAB-83620674E626}.Debug|Any CPU.Build.0 = Debug|Any CPU
		{A2FB6200-B080-4D7B-8AAB-83620674E626}.Release|Any CPU.ActiveCfg = Release|Any CPU
		{A2FB6200-B080-4D7B-8AAB-83620674E626}.Release|Any CPU.Build.0 = Release|Any CPU
	EndGlobalSection
	GlobalSection(SolutionProperties) = preSolution
		HideSolutionNode = FALSE
	EndGlobalSection
	GlobalSection(ExtensibilityGlobals) = postSolution
		SolutionGuid = {7FD6163A-FA3D-4925-80A3-BF0703B66D86}
	EndGlobalSection
EndGlobal
